
Microsoft Visual Studio Solution File, Format Version 12.00
# Visual Studio Version 17
VisualStudioVersion = 17.2.32616.157
MinimumVisualStudioVersion = 10.0.40219.1
Project("{FAE04EC0-301F-11D3-BF4B-00C04F79EFBC}") = "EFLab3", "EFLab3\EFLab3.csproj", "{8CBFF95D-FF4A-4076-AE60-3D752AF01544}"
EndProject
Global
	GlobalSection(SolutionConfigurationPlatforms) = preSolution
		Debug|Any CPU = Debug|Any CPU
		Release|Any CPU = Release|Any CPU
	EndGlobalSection
	GlobalSection(ProjectConfigurationPlatforms) = postSolution
		{8CBFF95D-FF4A-4076-AE60-3D752AF01544}.Debug|Any CPU.ActiveCfg = Debug|Any CPU
		{8CBFF95D-FF4A-4076-AE60-3D752AF01544}.Debug|Any CPU.Build.0 = Debug|Any CPU
		{8CBFF95D-FF4A-4076-AE60-3D752AF01544}.Release|Any CPU.ActiveCfg = Release|Any CPU
		{8CBFF95D-FF4A-4076-AE60-3D752AF01544}.Release|Any CPU.Build.0 = Release|Any CPU
	EndGlobalSection
	GlobalSection(SolutionProperties) = preSolution
		HideSolutionNode = FALSE
	EndGlobalSection
	GlobalSection(ExtensibilityGlobals) = postSolution
		SolutionGuid = {E37E6108-11E4-4AA1-AF89-B9D382F37C2E}
	EndGlobalSection
EndGlobal
